# This file is generated by running "yarn install" inside your project.
# Manual changes might be lost - proceed with caution!

__metadata:
  version: 8
  cacheKey: 10c0

"@types/firefox-webext-browser@npm:^143":
  version: 143.0.0
  resolution: "@types/firefox-webext-browser@npm:143.0.0"
  checksum: 10c0/2e4ca8f438386015c65d08ed967f24cd7fcee0bed3e1babcf8a797b3d6179c3f9c06bee169df91e0cff4db443e630cba7cc0020e1c58f7c9be7eea10961aad93
  languageName: node
  linkType: hard

"hydrus-downloader@workspace:.":
  version: 0.0.0-use.local
  resolution: "hydrus-downloader@workspace:."
  dependencies:
    "@types/firefox-webext-browser": "npm:^143"
    typescript: "npm:^6.0.1-rc"
  languageName: unknown
  linkType: soft

"typescript@npm:^6.0.1-rc":
  version: 6.0.1-rc
  resolution: "typescript@npm:6.0.1-rc"
  bin:
    tsc: bin/tsc
    tsserver: bin/tsserver
  checksum: 10c0/8f042a30f2111700e2172c49d025f90c825fb5a44c17f4ef5092d3025f314ad7f503218c410720f491f209861c9083490741599da8c2395eef0e3d9d3808657e
  languageName: node
  linkType: hard

"typescript@patch:typescript@npm%3A^6.0.1-rc#optional!builtin<compat/typescript>":
  version: 6.0.1-rc
  resolution: "typescript@patch:typescript@npm%3A6.0.1-rc#optional!builtin<compat/typescript>::version=6.0.1-rc&hash=5786d5"
  bin:
    tsc: bin/tsc
    tsserver: bin/tsserver
  checksum: 10c0/891d5e284e6c1a1215cc938a93926244de207c64ef78c349f09473e9040b4ef9f039b04b4445148133c63cb679d13c15230e73491ce7984f4e04ab09ea35c46d
  languageName: node
  linkType: hard
